# mako.lock — reproducible dependency pin
# Generated by `mako pkg install` / `mako pkg lock`
version = 2

[[package]]
name = "app"
version = "0.1.0"
source = "path"
path = "."
content_hash = "sha256:dcbb7e68dfe19839e94befe985b11efadaab5be4635c2271e5c7d25d041b51c7"

[[package]]
name = "util"
version = "1.0.0"
source = "registry"
path = ".mako/deps/util"
content_hash = "sha256:45c15159da943264370ae9697a648fe34fe0c0896d61139012aa5610c3ab1ad9"
